lockfileVersion: '9.0'

settings:
  autoInstallPeers: true
  excludeLinksFromLockfile: false

importers:

  .: {}

  examples/account-profile:
    dependencies:
      '@lenso/service-kit':
        specifier: 0.1.5
        version: 0.1.5

  examples/hello-action:
    dependencies:
      '@lenso/service-kit':
        specifier: 0.1.5
        version: 0.1.5

  examples/support-ticket:
    dependencies:
      '@lenso/service-kit':
        specifier: 0.1.5
        version: 0.1.5

packages:

  '@lenso/service-kit@0.1.5':
    resolution: {integrity: sha512-6mfH563hGABW97U+7gDsJIAaGU2Ee81YywYmKdOf3a0h8690aul3z6JR1ZD1qWas5xSFErPIsG3TiF22RRn8cw==}

snapshots:

  '@lenso/service-kit@0.1.5': {}
