lockfileVersion: '9.0'

settings:
  autoInstallPeers: true
  excludeLinksFromLockfile: false

importers:

  .: {}

  examples/hello-action:
    dependencies:
      '@lenso/remote-module-kit':
        specifier: 0.1.1
        version: 0.1.1

packages:

  '@lenso/remote-module-kit@0.1.1':
    resolution: {integrity: sha512-eKCFKw48Wys28vg2pV/U0/BW/C7DvGn+MdDYN7BKmuFSqr3wavsxkFzvxts7XwsWno4/QdzBJDmVrqWtScPcqw==}

snapshots:

  '@lenso/remote-module-kit@0.1.1': {}
